
Microsoft Visual Studio Solution File, Format Version 12.00
# Visual Studio 2015
Project("{FAE04EC0-301F-11D3-BF4B-00C04F79EFBC}") = "Number1 - Most likely fog.CSharp", "Number1 - Most likely fog.CSharp.csproj", "{5C9B6379-5EB7-EBE9-7FBC-0F32ACC4A013}"
EndProject
Global
	GlobalSection(SolutionConfigurationPlatforms) = preSolution
		Debug|Any CPU = Debug|Any CPU
		Release|Any CPU = Release|Any CPU
	EndGlobalSection
	GlobalSection(ProjectConfigurationPlatforms) = postSolution
		{5C9B6379-5EB7-EBE9-7FBC-0F32ACC4A013}.Debug|Any CPU.ActiveCfg = Debug|Any CPU
		{5C9B6379-5EB7-EBE9-7FBC-0F32ACC4A013}.Debug|Any CPU.Build.0 = Debug|Any CPU
		{5C9B6379-5EB7-EBE9-7FBC-0F32ACC4A013}.Release|Any CPU.ActiveCfg = Release|Any CPU
		{5C9B6379-5EB7-EBE9-7FBC-0F32ACC4A013}.Release|Any CPU.Build.0 = Release|Any CPU
	EndGlobalSection
	GlobalSection(SolutionProperties) = preSolution
		HideSolutionNode = FALSE
	EndGlobalSection
EndGlobal
